
Microsoft Visual Studio Solution File, Format Version 12.00
# Visual Studio 2013
VisualStudioVersion = 12.0.31101.0
MinimumVisualStudioVersion = 10.0.40219.1
Project("{FAE04EC0-301F-11D3-BF4B-00C04F79EFBC}") = "Spaceship-vs-the-Universe", "Spaceship-vs-the-Universe\Spaceship-vs-the-Universe.csproj", "{DDF8B56F-B415-47DC-B332-EF75681B524D}"
EndProject
Global
	GlobalSection(SolutionConfigurationPlatforms) = preSolution
		Debug|Any CPU = Debug|Any CPU
		Release|Any CPU = Release|Any CPU
	EndGlobalSection
	GlobalSection(ProjectConfigurationPlatforms) = postSolution
		{DDF8B56F-B415-47DC-B332-EF75681B524D}.Debug|Any CPU.ActiveCfg = Debug|Any CPU
		{DDF8B56F-B415-47DC-B332-EF75681B524D}.Debug|Any CPU.Build.0 = Debug|Any CPU
		{DDF8B56F-B415-47DC-B332-EF75681B524D}.Release|Any CPU.ActiveCfg = Release|Any CPU
		{DDF8B56F-B415-47DC-B332-EF75681B524D}.Release|Any CPU.Build.0 = Release|Any CPU
	EndGlobalSection
	GlobalSection(SolutionProperties) = preSolution
		HideSolutionNode = FALSE
	EndGlobalSection
EndGlobal
